// !$*UTF8*$!
{
	archiveVersion = 1;
	classes = {
	};
	objectVersion = 50;
	objects = {

/* Begin PBXBuildFile section */
		02ACC54321A73E7EA34CAD0D /* Pods_DrawRightUITests.framework in Frameworks */ = {isa = PBXBuildFile; fileRef = C4B8C4A604B4E52C384B4C3E /* Pods_DrawRightUITests.framework */; };
		1775BA922203A1AB000039DA /* DrawingResultViewController.swift in Sources */ = {isa = PBXBuildFile; fileRef = 1775BA8B2203A1AB000039DA /* DrawingResultViewController.swift */; };
		1775BA972203A236000039DA /* PlayAreaViewController.swift in Sources */ = {isa = PBXBuildFile; fileRef = 1775BA962203A236000039DA /* PlayAreaViewController.swift */; };
		1784D5342202BAA2003E10F8 /* AppDelegate.swift in Sources */ = {isa = PBXBuildFile; fileRef = 1784D5332202BAA2003E10F8 /* AppDelegate.swift */; };
		1784D5392202BAA2003E10F8 /* Main.storyboard in Resources */ = {isa = PBXBuildFile; fileRef = 1784D5372202BAA2003E10F8 /* Main.storyboard */; };
		1784D53B2202BAA3003E10F8 /* Assets.xcassets in Resources */ = {isa = PBXBuildFile; fileRef = 1784D53A2202BAA3003E10F8 /* Assets.xcassets */; };
		1784D53E2202BAA3003E10F8 /* LaunchScreen.storyboard in Resources */ = {isa = PBXBuildFile; fileRef = 1784D53C2202BAA3003E10F8 /* LaunchScreen.storyboard */; };
		1784D5492202BAA3003E10F8 /* DrawRightTests.swift in Sources */ = {isa = PBXBuildFile; fileRef = 1784D5482202BAA3003E10F8 /* DrawRightTests.swift */; };
		1784D5542202BAA3003E10F8 /* DrawRightUITests.swift in Sources */ = {isa = PBXBuildFile; fileRef = 1784D5532202BAA3003E10F8 /* DrawRightUITests.swift */; };
		17D96604220585C500454739 /* TitleSwipeViewController.swift in Sources */ = {isa = PBXBuildFile; fileRef = 17D96603220585C500454739 /* TitleSwipeViewController.swift */; };
		17D966062206531C00454739 /* AnimatedTransitioning.swift in Sources */ = {isa = PBXBuildFile; fileRef = 17D966052206531C00454739 /* AnimatedTransitioning.swift */; };
		C49455275473455449C0DE91 /* Pods_DrawRightTests.framework in Frameworks */ = {isa = PBXBuildFile; fileRef = DAAEBE07EC3CA88E546A225C /* Pods_DrawRightTests.framework */; };
		C87DBD4E22052C7B004E7DF9 /* DrawingCanvasView.m in Sources */ = {isa = PBXBuildFile; fileRef = C87DBD4D22052C7B004E7DF9 /* DrawingCanvasView.m */; };
		CF43C524DC27652070737AC6 /* Pods_DrawRight.framework in Frameworks */ = {isa = PBXBuildFile; fileRef = 2EC2B93F2D196858BF1DC519 /* Pods_DrawRight.framework */; };
/* End PBXBuildFile section */

/* Begin PBXContainerItemProxy section */
		1784D5452202BAA3003E10F8 /* PBXContainerItemProxy */ = {
			isa = PBXContainerItemProxy;
			containerPortal = 1784D5282202BAA2003E10F8 /* Project object */;
			proxyType = 1;
			remoteGlobalIDString = 1784D52F2202BAA2003E10F8;
			remoteInfo = DrawRight;
		};
		1784D5502202BAA3003E10F8 /* PBXContainerItemProxy */ = {
			isa = PBXContainerItemProxy;
			containerPortal = 1784D5282202BAA2003E10F8 /* Project object */;
			proxyType = 1;
			remoteGlobalIDString = 1784D52F2202BAA2003E10F8;
			remoteInfo = DrawRight;
		};
/* End PBXContainerItemProxy section */

/* Begin PBXFileReference section */
		0FE14BF119E401B5C7E7A33D /* Pods-DrawRight.release.xcconfig */ = {isa = PBXFileReference; includeInIndex = 1; lastKnownFileType = text.xcconfig; name = "Pods-DrawRight.release.xcconfig"; path = "Pods/Target Support Files/Pods-DrawRight/Pods-DrawRight.release.xcconfig"; sourceTree = "<group>"; };
		11D76448C1D92EE2F8E3846A /* Pods-DrawRightUITests.release.xcconfig */ = {isa = PBXFileReference; includeInIndex = 1; lastKnownFileType = text.xcconfig; name = "Pods-DrawRightUITests.release.xcconfig"; path = "Pods/Target Support Files/Pods-DrawRightUITests/Pods-DrawRightUITests.release.xcconfig"; sourceTree = "<group>"; };
		1775BA8B2203A1AB000039DA /* DrawingResultViewController.swift */ = {isa = PBXFileReference; fileEncoding = 4; lastKnownFileType = sourcecode.swift; path = DrawingResultViewController.swift; sourceTree = "<group>"; };
		1775BA962203A236000039DA /* PlayAreaViewController.swift */ = {isa = PBXFileReference; lastKnownFileType = sourcecode.swift; path = PlayAreaViewController.swift; sourceTree = "<group>"; };
		1784D5302202BAA2003E10F8 /* DrawRight.app */ = {isa = PBXFileReference; explicitFileType = wrapper.application; includeInIndex = 0; path = DrawRight.app; sourceTree = BUILT_PRODUCTS_DIR; };
		1784D5332202BAA2003E10F8 /* AppDelegate.swift */ = {isa = PBXFileReference; lastKnownFileType = sourcecode.swift; path = AppDelegate.swift; sourceTree = "<group>"; };
		1784D5382202BAA2003E10F8 /* Base */ = {isa = PBXFileReference; lastKnownFileType = file.storyboard; name = Base; path = Base.lproj/Main.storyboard; sourceTree = "<group>"; };
		1784D53A2202BAA3003E10F8 /* Assets.xcassets */ = {isa = PBXFileReference; lastKnownFileType = folder.assetcatalog; path = Assets.xcassets; sourceTree = "<group>"; };
		1784D53D2202BAA3003E10F8 /* Base */ = {isa = PBXFileReference; lastKnownFileType = file.storyboard; name = Base; path = Base.lproj/LaunchScreen.storyboard; sourceTree = "<group>"; };
		1784D53F2202BAA3003E10F8 /* Info.plist */ = {isa = PBXFileReference; lastKnownFileType = text.plist.xml; path = Info.plist; sourceTree = "<group>"; };
		1784D5442202BAA3003E10F8 /* DrawRightTests.xctest */ = {isa = PBXFileReference; explicitFileType = wrapper.cfbundle; includeInIndex = 0; path = DrawRightTests.xctest; sourceTree = BUILT_PRODUCTS_DIR; };
		1784D5482202BAA3003E10F8 /* DrawRightTests.swift */ = {isa = PBXFileReference; lastKnownFileType = sourcecode.swift; path = DrawRightTests.swift; sourceTree = "<group>"; };
		1784D54A2202BAA3003E10F8 /* Info.plist */ = {isa = PBXFileReference; lastKnownFileType = text.plist.xml; path = Info.plist; sourceTree = "<group>"; };
		1784D54F2202BAA3003E10F8 /* DrawRightUITests.xctest */ = {isa = PBXFileReference; explicitFileType = wrapper.cfbundle; includeInIndex = 0; path = DrawRightUITests.xctest; sourceTree = BUILT_PRODUCTS_DIR; };
		1784D5532202BAA3003E10F8 /* DrawRightUITests.swift */ = {isa = PBXFileReference; lastKnownFileType = sourcecode.swift; path = DrawRightUITests.swift; sourceTree = "<group>"; };
		1784D5552202BAA3003E10F8 /* Info.plist */ = {isa = PBXFileReference; lastKnownFileType = text.plist.xml; path = Info.plist; sourceTree = "<group>"; };
		17AEBFFC749EA9284DFEF21B /* Pods-DrawRightUITests.debug.xcconfig */ = {isa = PBXFileReference; includeInIndex = 1; lastKnownFileType = text.xcconfig; name = "Pods-DrawRightUITests.debug.xcconfig"; path = "Pods/Target Support Files/Pods-DrawRightUITests/Pods-DrawRightUITests.debug.xcconfig"; sourceTree = "<group>"; };
		17D96603220585C500454739 /* TitleSwipeViewController.swift */ = {isa = PBXFileReference; lastKnownFileType = sourcecode.swift; path = TitleSwipeViewController.swift; sourceTree = "<group>"; };
		17D966052206531C00454739 /* AnimatedTransitioning.swift */ = {isa = PBXFileReference; lastKnownFileType = sourcecode.swift; path = AnimatedTransitioning.swift; sourceTree = "<group>"; };
		2EC2B93F2D196858BF1DC519 /* Pods_DrawRight.framework */ = {isa = PBXFileReference; explicitFileType = wrapper.framework; includeInIndex = 0; path = Pods_DrawRight.framework; sourceTree = BUILT_PRODUCTS_DIR; };
		7C9731FD83CEFE5527CA46EA /* Pods-DrawRightTests.debug.xcconfig */ = {isa = PBXFileReference; includeInIndex = 1; lastKnownFileType = text.xcconfig; name = "Pods-DrawRightTests.debug.xcconfig"; path = "Pods/Target Support Files/Pods-DrawRightTests/Pods-DrawRightTests.debug.xcconfig"; sourceTree = "<group>"; };
		C4B8C4A604B4E52C384B4C3E /* Pods_DrawRightUITests.framework */ = {isa = PBXFileReference; explicitFileType = wrapper.framework; includeInIndex = 0; path = Pods_DrawRightUITests.framework; sourceTree = BUILT_PRODUCTS_DIR; };
		C87DBD4B22052C7A004E7DF9 /* DrawRight-Bridging-Header.h */ = {isa = PBXFileReference; lastKnownFileType = sourcecode.c.h; path = "DrawRight-Bridging-Header.h"; sourceTree = "<group>"; };
		C87DBD4C22052C7B004E7DF9 /* DrawingCanvasView.h */ = {isa = PBXFileReference; lastKnownFileType = sourcecode.c.h; path = DrawingCanvasView.h; sourceTree = "<group>"; };
		C87DBD4D22052C7B004E7DF9 /* DrawingCanvasView.m */ = {isa = PBXFileReference; lastKnownFileType = sourcecode.c.objc; path = DrawingCanvasView.m; sourceTree = "<group>"; };
		DAAEBE07EC3CA88E546A225C /* Pods_DrawRightTests.framework */ = {isa = PBXFileReference; explicitFileType = wrapper.framework; includeInIndex = 0; path = Pods_DrawRightTests.framework; sourceTree = BUILT_PRODUCTS_DIR; };
		E4201057F930D0D5EC499AC7 /* Pods-DrawRight.debug.xcconfig */ = {isa = PBXFileReference; includeInIndex = 1; lastKnownFileType = text.xcconfig; name = "Pods-DrawRight.debug.xcconfig"; path = "Pods/Target Support Files/Pods-DrawRight/Pods-DrawRight.debug.xcconfig"; sourceTree = "<group>"; };
		F0D0EC91E01D556E5102C664 /* Pods-DrawRightTests.release.xcconfig */ = {isa = PBXFileReference; includeInIndex = 1; lastKnownFileType = text.xcconfig; name = "Pods-DrawRightTests.release.xcconfig"; path = "Pods/Target Support Files/Pods-DrawRightTests/Pods-DrawRightTests.release.xcconfig"; sourceTree = "<group>"; };
/* End PBXFileReference section */

/* Begin PBXFrameworksBuildPhase section */
		1784D52D2202BAA2003E10F8 /* Frameworks */ = {
			isa = PBXFrameworksBuildPhase;
			buildActionMask = 2147483647;
			files = (
				CF43C524DC27652070737AC6 /* Pods_DrawRight.framework in Frameworks */,
			);
			runOnlyForDeploymentPostprocessing = 0;
		};
		1784D5412202BAA3003E10F8 /* Frameworks */ = {
			isa = PBXFrameworksBuildPhase;
			buildActionMask = 2147483647;
			files = (
				C49455275473455449C0DE91 /* Pods_DrawRightTests.framework in Frameworks */,
			);
			runOnlyForDeploymentPostprocessing = 0;
		};
		1784D54C2202BAA3003E10F8 /* Frameworks */ = {
			isa = PBXFrameworksBuildPhase;
			buildActionMask = 2147483647;
			files = (
				02ACC54321A73E7EA34CAD0D /* Pods_DrawRightUITests.framework in Frameworks */,
			);
			runOnlyForDeploymentPostprocessing = 0;
		};
/* End PBXFrameworksBuildPhase section */

/* Begin PBXGroup section */
		1784D5272202BAA2003E10F8 = {
			isa = PBXGroup;
			children = (
				1784D5322202BAA2003E10F8 /* DrawRight */,
				1784D5472202BAA3003E10F8 /* DrawRightTests */,
				1784D5522202BAA3003E10F8 /* DrawRightUITests */,
				1784D5312202BAA2003E10F8 /* Products */,
				C0F80076B61B4F51F88B25E1 /* Pods */,
				BD9B960822E114F43075B71D /* Frameworks */,
			);
			sourceTree = "<group>";
		};
		1784D5312202BAA2003E10F8 /* Products */ = {
			isa = PBXGroup;
			children = (
				1784D5302202BAA2003E10F8 /* DrawRight.app */,
				1784D5442202BAA3003E10F8 /* DrawRightTests.xctest */,
				1784D54F2202BAA3003E10F8 /* DrawRightUITests.xctest */,
			);
			name = Products;
			sourceTree = "<group>";
		};
		1784D5322202BAA2003E10F8 /* DrawRight */ = {
			isa = PBXGroup;
			children = (
				17D96603220585C500454739 /* TitleSwipeViewController.swift */,
				1775BA962203A236000039DA /* PlayAreaViewController.swift */,
				C87DBD4C22052C7B004E7DF9 /* DrawingCanvasView.h */,
				C87DBD4D22052C7B004E7DF9 /* DrawingCanvasView.m */,
				17D966052206531C00454739 /* AnimatedTransitioning.swift */,
				1775BA8B2203A1AB000039DA /* DrawingResultViewController.swift */,
				1784D5332202BAA2003E10F8 /* AppDelegate.swift */,
				1784D5372202BAA2003E10F8 /* Main.storyboard */,
				1784D53A2202BAA3003E10F8 /* Assets.xcassets */,
				1784D53C2202BAA3003E10F8 /* LaunchScreen.storyboard */,
				1784D53F2202BAA3003E10F8 /* Info.plist */,
				C87DBD4B22052C7A004E7DF9 /* DrawRight-Bridging-Header.h */,
			);
			path = DrawRight;
			sourceTree = "<group>";
		};
		1784D5472202BAA3003E10F8 /* DrawRightTests */ = {
			isa = PBXGroup;
			children = (
				1784D5482202BAA3003E10F8 /* DrawRightTests.swift */,
				1784D54A2202BAA3003E10F8 /* Info.plist */,
			);
			path = DrawRightTests;
			sourceTree = "<group>";
		};
		1784D5522202BAA3003E10F8 /* DrawRightUITests */ = {
			isa = PBXGroup;
			children = (
				1784D5532202BAA3003E10F8 /* DrawRightUITests.swift */,
				1784D5552202BAA3003E10F8 /* Info.plist */,
			);
			path = DrawRightUITests;
			sourceTree = "<group>";
		};
		BD9B960822E114F43075B71D /* Frameworks */ = {
			isa = PBXGroup;
			children = (
				2EC2B93F2D196858BF1DC519 /* Pods_DrawRight.framework */,
				DAAEBE07EC3CA88E546A225C /* Pods_DrawRightTests.framework */,
				C4B8C4A604B4E52C384B4C3E /* Pods_DrawRightUITests.framework */,
			);
			name = Frameworks;
			sourceTree = "<group>";
		};
		C0F80076B61B4F51F88B25E1 /* Pods */ = {
			isa = PBXGroup;
			children = (
				E4201057F930D0D5EC499AC7 /* Pods-DrawRight.debug.xcconfig */,
				0FE14BF119E401B5C7E7A33D /* Pods-DrawRight.release.xcconfig */,
				7C9731FD83CEFE5527CA46EA /* Pods-DrawRightTests.debug.xcconfig */,
				F0D0EC91E01D556E5102C664 /* Pods-DrawRightTests.release.xcconfig */,
				17AEBFFC749EA9284DFEF21B /* Pods-DrawRightUITests.debug.xcconfig */,
				11D76448C1D92EE2F8E3846A /* Pods-DrawRightUITests.release.xcconfig */,
			);
			name = Pods;
			sourceTree = "<group>";
		};
/* End PBXGroup section */

/* Begin PBXNativeTarget section */
		1784D52F2202BAA2003E10F8 /* DrawRight */ = {
			isa = PBXNativeTarget;
			buildConfigurationList = 1784D5582202BAA3003E10F8 /* Build configuration list for PBXNativeTarget "DrawRight" */;
			buildPhases = (
				3F747912730391E3F6B7BE63 /* [CP] Check Pods Manifest.lock */,
				1784D52C2202BAA2003E10F8 /* Sources */,
				1784D52D2202BAA2003E10F8 /* Frameworks */,
				1784D52E2202BAA2003E10F8 /* Resources */,
				37D59F96F77B6A833527D8C3 /* [CP] Embed Pods Frameworks */,
			);
			buildRules = (
			);
			dependencies = (
			);
			name = DrawRight;
			productName = DrawRight;
			productReference = 1784D5302202BAA2003E10F8 /* DrawRight.app */;
			productType = "com.apple.product-type.application";
		};
		1784D5432202BAA3003E10F8 /* DrawRightTests */ = {
			isa = PBXNativeTarget;
			buildConfigurationList = 1784D55B2202BAA3003E10F8 /* Build configuration list for PBXNativeTarget "DrawRightTests" */;
			buildPhases = (
				952A6A5766F880F56C2AB6EE /* [CP] Check Pods Manifest.lock */,
				1784D5402202BAA3003E10F8 /* Sources */,
				1784D5412202BAA3003E10F8 /* Frameworks */,
				1784D5422202BAA3003E10F8 /* Resources */,
			);
			buildRules = (
			);
			dependencies = (
				1784D5462202BAA3003E10F8 /* PBXTargetDependency */,
			);
			name = DrawRightTests;
			productName = DrawRightTests;
			productReference = 1784D5442202BAA3003E10F8 /* DrawRightTests.xctest */;
			productType = "com.apple.product-type.bundle.unit-test";
		};
		1784D54E2202BAA3003E10F8 /* DrawRightUITests */ = {
			isa = PBXNativeTarget;
			buildConfigurationList = 1784D55E2202BAA3003E10F8 /* Build configuration list for PBXNativeTarget "DrawRightUITests" */;
			buildPhases = (
				DDF203439DB4029DBC5565F4 /* [CP] Check Pods Manifest.lock */,
				1784D54B2202BAA3003E10F8 /* Sources */,
				1784D54C2202BAA3003E10F8 /* Frameworks */,
				1784D54D2202BAA3003E10F8 /* Resources */,
			);
			buildRules = (
			);
			dependencies = (
				1784D5512202BAA3003E10F8 /* PBXTargetDependency */,
			);
			name = DrawRightUITests;
			productName = DrawRightUITests;
			productReference = 1784D54F2202BAA3003E10F8 /* DrawRightUITests.xctest */;
			productType = "com.apple.product-type.bundle.ui-testing";
		};
/* End PBXNativeTarget section */

/* Begin PBXProject section */
		1784D5282202BAA2003E10F8 /* Project object */ = {
			isa = PBXProject;
			attributes = {
				LastSwiftUpdateCheck = 1010;
				LastUpgradeCheck = 1010;
				ORGANIZATIONNAME = "Matthew Chan";
				TargetAttributes = {
					1784D52F2202BAA2003E10F8 = {
						CreatedOnToolsVersion = 10.1;
						LastSwiftMigration = 1010;
					};
					1784D5432202BAA3003E10F8 = {
						CreatedOnToolsVersion = 10.1;
						TestTargetID = 1784D52F2202BAA2003E10F8;
					};
					1784D54E2202BAA3003E10F8 = {
						CreatedOnToolsVersion = 10.1;
						TestTargetID = 1784D52F2202BAA2003E10F8;
					};
				};
			};
			buildConfigurationList = 1784D52B2202BAA2003E10F8 /* Build configuration list for PBXProject "DrawRight" */;
			compatibilityVersion = "Xcode 9.3";
			developmentRegion = en;
			hasScannedForEncodings = 0;
			knownRegions = (
				en,
				Base,
			);
			mainGroup = 1784D5272202BAA2003E10F8;
			productRefGroup = 1784D5312202BAA2003E10F8 /* Products */;
			projectDirPath = "";
			projectRoot = "";
			targets = (
				1784D52F2202BAA2003E10F8 /* DrawRight */,
				1784D5432202BAA3003E10F8 /* DrawRightTests */,
				1784D54E2202BAA3003E10F8 /* DrawRightUITests */,
			);
		};
/* End PBXProject section */

/* Begin PBXResourcesBuildPhase section */
		1784D52E2202BAA2003E10F8 /* Resources */ = {
			isa = PBXResourcesBuildPhase;
			buildActionMask = 2147483647;
			files = (
				1784D53E2202BAA3003E10F8 /* LaunchScreen.storyboard in Resources */,
				1784D53B2202BAA3003E10F8 /* Assets.xcassets in Resources */,
				1784D5392202BAA2003E10F8 /* Main.storyboard in Resources */,
			);
			runOnlyForDeploymentPostprocessing = 0;
		};
		1784D5422202BAA3003E10F8 /* Resources */ = {
			isa = PBXResourcesBuildPhase;
			buildActionMask = 2147483647;
			files = (
			);
			runOnlyForDeploymentPostprocessing = 0;
		};
		1784D54D2202BAA3003E10F8 /* Resources */ = {
			isa = PBXResourcesBuildPhase;
			buildActionMask = 2147483647;
			files = (
			);
			runOnlyForDeploymentPostprocessing = 0;
		};
/* End PBXResourcesBuildPhase section */

/* Begin PBXShellScriptBuildPhase section */
		37D59F96F77B6A833527D8C3 /* [CP] Embed Pods Frameworks */ = {
			isa = PBXShellScriptBuildPhase;
			buildActionMask = 2147483647;
			files = (
			);
			inputFileListPaths = (
			);
			inputPaths = (
				"${SRCROOT}/Pods/Target Support Files/Pods-DrawRight/Pods-DrawRight-frameworks.sh",
				"${BUILT_PRODUCTS_DIR}/ACEDrawingView/ACEDrawingView.framework",
			);
			name = "[CP] Embed Pods Frameworks";
			outputFileListPaths = (
			);
			outputPaths = (
				"${TARGET_BUILD_DIR}/${FRAMEWORKS_FOLDER_PATH}/ACEDrawingView.framework",
			);
			runOnlyForDeploymentPostprocessing = 0;
			shellPath = /bin/sh;
			shellScript = "\"${SRCROOT}/Pods/Target Support Files/Pods-DrawRight/Pods-DrawRight-frameworks.sh\"\n";
			showEnvVarsInLog = 0;
		};
		3F747912730391E3F6B7BE63 /* [CP] Check Pods Manifest.lock */ = {
			isa = PBXShellScriptBuildPhase;
			buildActionMask = 2147483647;
			files = (
			);
			inputFileListPaths = (
			);
			inputPaths = (
				"${PODS_PODFILE_DIR_PATH}/Podfile.lock",
				"${PODS_ROOT}/Manifest.lock",
			);
			name = "[CP] Check Pods Manifest.lock";
			outputFileListPaths = (
			);
			outputPaths = (
				"$(DERIVED_FILE_DIR)/Pods-DrawRight-checkManifestLockResult.txt",
			);
			runOnlyForDeploymentPostprocessing = 0;
			shellPath = /bin/sh;
			shellScript = "diff \"${PODS_PODFILE_DIR_PATH}/Podfile.lock\" \"${PODS_ROOT}/Manifest.lock\" > /dev/null\nif [ $? != 0 ] ; then\n    # print error to STDERR\n    echo \"error: The sandbox is not in sync with the Podfile.lock. Run 'pod install' or update your CocoaPods installation.\" >&2\n    exit 1\nfi\n# This output is used by Xcode 'outputs' to avoid re-running this script phase.\necho \"SUCCESS\" > \"${SCRIPT_OUTPUT_FILE_0}\"\n";
			showEnvVarsInLog = 0;
		};
		952A6A5766F880F56C2AB6EE /* [CP] Check Pods Manifest.lock */ = {
			isa = PBXShellScriptBuildPhase;
			buildActionMask = 2147483647;
			files = (
			);
			inputFileListPaths = (
			);
			inputPaths = (
				"${PODS_PODFILE_DIR_PATH}/Podfile.lock",
				"${PODS_ROOT}/Manifest.lock",
			);
			name = "[CP] Check Pods Manifest.lock";
			outputFileListPaths = (
			);
			outputPaths = (
				"$(DERIVED_FILE_DIR)/Pods-DrawRightTests-checkManifestLockResult.txt",
			);
			runOnlyForDeploymentPostprocessing = 0;
			shellPath = /bin/sh;
			shellScript = "diff \"${PODS_PODFILE_DIR_PATH}/Podfile.lock\" \"${PODS_ROOT}/Manifest.lock\" > /dev/null\nif [ $? != 0 ] ; then\n    # print error to STDERR\n    echo \"error: The sandbox is not in sync with the Podfile.lock. Run 'pod install' or update your CocoaPods installation.\" >&2\n    exit 1\nfi\n# This output is used by Xcode 'outputs' to avoid re-running this script phase.\necho \"SUCCESS\" > \"${SCRIPT_OUTPUT_FILE_0}\"\n";
			showEnvVarsInLog = 0;
		};
		DDF203439DB4029DBC5565F4 /* [CP] Check Pods Manifest.lock */ = {
			isa = PBXShellScriptBuildPhase;
			buildActionMask = 2147483647;
			files = (
			);
			inputFileListPaths = (
			);
			inputPaths = (
				"${PODS_PODFILE_DIR_PATH}/Podfile.lock",
				"${PODS_ROOT}/Manifest.lock",
			);
			name = "[CP] Check Pods Manifest.lock";
			outputFileListPaths = (
			);
			outputPaths = (
				"$(DERIVED_FILE_DIR)/Pods-DrawRightUITests-checkManifestLockResult.txt",
			);
			runOnlyForDeploymentPostprocessing = 0;
			shellPath = /bin/sh;
			shellScript = "diff \"${PODS_PODFILE_DIR_PATH}/Podfile.lock\" \"${PODS_ROOT}/Manifest.lock\" > /dev/null\nif [ $? != 0 ] ; then\n    # print error to STDERR\n    echo \"error: The sandbox is not in sync with the Podfile.lock. Run 'pod install' or update your CocoaPods installation.\" >&2\n    exit 1\nfi\n# This output is used by Xcode 'outputs' to avoid re-running this script phase.\necho \"SUCCESS\" > \"${SCRIPT_OUTPUT_FILE_0}\"\n";
			showEnvVarsInLog = 0;
		};
/* End PBXShellScriptBuildPhase section */

/* Begin PBXSourcesBuildPhase section */
		1784D52C2202BAA2003E10F8 /* Sources */ = {
			isa = PBXSourcesBuildPhase;
			buildActionMask = 2147483647;
			files = (
				17D96604220585C500454739 /* TitleSwipeViewController.swift in Sources */,
				1775BA922203A1AB000039DA /* DrawingResultViewController.swift in Sources */,
				17D966062206531C00454739 /* AnimatedTransitioning.swift in Sources */,
				1775BA972203A236000039DA /* PlayAreaViewController.swift in Sources */,
				C87DBD4E22052C7B004E7DF9 /* DrawingCanvasView.m in Sources */,
				1784D5342202BAA2003E10F8 /* AppDelegate.swift in Sources */,
			);
			runOnlyForDeploymentPostprocessing = 0;
		};
		1784D5402202BAA3003E10F8 /* Sources */ = {
			isa = PBXSourcesBuildPhase;
			buildActionMask = 2147483647;
			files = (
				1784D5492202BAA3003E10F8 /* DrawRightTests.swift in Sources */,
			);
			runOnlyForDeploymentPostprocessing = 0;
		};
		1784D54B2202BAA3003E10F8 /* Sources */ = {
			isa = PBXSourcesBuildPhase;
			buildActionMask = 2147483647;
			files = (
				1784D5542202BAA3003E10F8 /* DrawRightUITests.swift in Sources */,
			);
			runOnlyForDeploymentPostprocessing = 0;
		};
/* End PBXSourcesBuildPhase section */

/* Begin PBXTargetDependency section */
		1784D5462202BAA3003E10F8 /* PBXTargetDependency */ = {
			isa = PBXTargetDependency;
			target = 1784D52F2202BAA2003E10F8 /* DrawRight */;
			targetProxy = 1784D5452202BAA3003E10F8 /* PBXContainerItemProxy */;
		};
		1784D5512202BAA3003E10F8 /* PBXTargetDependency */ = {
			isa = PBXTargetDependency;
			target = 1784D52F2202BAA2003E10F8 /* DrawRight */;
			targetProxy = 1784D5502202BAA3003E10F8 /* PBXContainerItemProxy */;
		};
/* End PBXTargetDependency section */

/* Begin PBXVariantGroup section */
		1784D5372202BAA2003E10F8 /* Main.storyboard */ = {
			isa = PBXVariantGroup;
			children = (
				1784D5382202BAA2003E10F8 /* Base */,
			);
			name = Main.storyboard;
			sourceTree = "<group>";
		};
		1784D53C2202BAA3003E10F8 /* LaunchScreen.storyboard */ = {
			isa = PBXVariantGroup;
			children = (
				1784D53D2202BAA3003E10F8 /* Base */,
			);
			name = LaunchScreen.storyboard;
			sourceTree = "<group>";
		};
/* End PBXVariantGroup section */

/* Begin XCBuildConfiguration section */
		1784D5562202BAA3003E10F8 /* Debug */ = {
			isa = XCBuildConfiguration;
			buildSettings = {
				ALWAYS_SEARCH_USER_PATHS = NO;
				CLANG_ANALYZER_NONNULL = YES;
				CLANG_ANALYZER_NUMBER_OBJECT_CONVERSION = YES_AGGRESSIVE;
				CLANG_CXX_LANGUAGE_STANDARD = "gnu++14";
				CLANG_CXX_LIBRARY = "libc++";
				CLANG_ENABLE_MODULES = YES;
				CLANG_ENABLE_OBJC_ARC = YES;
				CLANG_ENABLE_OBJC_WEAK = YES;
				CLANG_WARN_BLOCK_CAPTURE_AUTORELEASING = YES;
				CLANG_WARN_BOOL_CONVERSION = YES;
				CLANG_WARN_COMMA = YES;
				CLANG_WARN_CONSTANT_CONVERSION = YES;
				CLANG_WARN_DEPRECATED_OBJC_IMPLEMENTATIONS = YES;
				CLANG_WARN_DIRECT_OBJC_ISA_USAGE = YES_ERROR;
				CLANG_WARN_DOCUMENTATION_COMMENTS = YES;
				CLANG_WARN_EMPTY_BODY = YES;
				CLANG_WARN_ENUM_CONVERSION = YES;
				CLANG_WARN_INFINITE_RECURSION = YES;
				CLANG_WARN_INT_CONVERSION = YES;
				CLANG_WARN_NON_LITERAL_NULL_CONVERSION = YES;
				CLANG_WARN_OBJC_IMPLICIT_RETAIN_SELF = YES;
				CLANG_WARN_OBJC_LITERAL_CONVERSION = YES;
				CLANG_WARN_OBJC_ROOT_CLASS = YES_ERROR;
				CLANG_WARN_RANGE_LOOP_ANALYSIS = YES;
				CLANG_WARN_STRICT_PROTOTYPES = YES;
				CLANG_WARN_SUSPICIOUS_MOVE = YES;
				CLANG_WARN_UNGUARDED_AVAILABILITY = YES_AGGRESSIVE;
				CLANG_WARN_UNREACHABLE_CODE = YES;
				CLANG_WARN__DUPLICATE_METHOD_MATCH = YES;
				CODE_SIGN_IDENTITY = "iPhone Developer";
				COPY_PHASE_STRIP = NO;
				DEBUG_INFORMATION_FORMAT = dwarf;
				ENABLE_STRICT_OBJC_MSGSEND = YES;
				ENABLE_TESTABILITY = YES;
				GCC_C_LANGUAGE_STANDARD = gnu11;
				GCC_DYNAMIC_NO_PIC = NO;
				GCC_NO_COMMON_BLOCKS = YES;
				GCC_OPTIMIZATION_LEVEL = 0;
				GCC_PREPROCESSOR_DEFINITIONS = (
					"DEBUG=1",
					"$(inherited)",
				);
				GCC_WARN_64_TO_32_BIT_CONVERSION = YES;
				GCC_WARN_ABOUT_RETURN_TYPE = YES_ERROR;
				GCC_WARN_UNDECLARED_SELECTOR = YES;
				GCC_WARN_UNINITIALIZED_AUTOS = YES_AGGRESSIVE;
				GCC_WARN_UNUSED_FUNCTION = YES;
				GCC_WARN_UNUSED_VARIABLE = YES;
				IPHONEOS_DEPLOYMENT_TARGET = 12.1;
				MTL_ENABLE_DEBUG_INFO = INCLUDE_SOURCE;
				MTL_FAST_MATH = YES;
				ONLY_ACTIVE_ARCH = YES;
				SDKROOT = iphoneos;
				SWIFT_ACTIVE_COMPILATION_CONDITIONS = DEBUG;
				SWIFT_OPTIMIZATION_LEVEL = "-Onone";
			};
			name = Debug;
		};
		1784D5572202BAA3003E10F8 /* Release */ = {
			isa = XCBuildConfiguration;
			buildSettings = {
				ALWAYS_SEARCH_USER_PATHS = NO;
				CLANG_ANALYZER_NONNULL = YES;
				CLANG_ANALYZER_NUMBER_OBJECT_CONVERSION = YES_AGGRESSIVE;
				CLANG_CXX_LANGUAGE_STANDARD = "gnu++14";
				CLANG_CXX_LIBRARY = "libc++";
				CLANG_ENABLE_MODULES = YES;
				CLANG_ENABLE_OBJC_ARC = YES;
				CLANG_ENABLE_OBJC_WEAK = YES;
				CLANG_WARN_BLOCK_CAPTURE_AUTORELEASING = YES;
				CLANG_WARN_BOOL_CONVERSION = YES;
				CLANG_WARN_COMMA = YES;
				CLANG_WARN_CONSTANT_CONVERSION = YES;
				CLANG_WARN_DEPRECATED_OBJC_IMPLEMENTATIONS = YES;
				CLANG_WARN_DIRECT_OBJC_ISA_USAGE = YES_ERROR;
				CLANG_WARN_DOCUMENTATION_COMMENTS = YES;
				CLANG_WARN_EMPTY_BODY = YES;
				CLANG_WARN_ENUM_CONVERSION = YES;
				CLANG_WARN_INFINITE_RECURSION = YES;
				CLANG_WARN_INT_CONVERSION = YES;
				CLANG_WARN_NON_LITERAL_NULL_CONVERSION = YES;
				CLANG_WARN_OBJC_IMPLICIT_RETAIN_SELF = YES;
				CLANG_WARN_OBJC_LITERAL_CONVERSION = YES;
				CLANG_WARN_OBJC_ROOT_CLASS = YES_ERROR;
				CLANG_WARN_RANGE_LOOP_ANALYSIS = YES;
				CLANG_WARN_STRICT_PROTOTYPES = YES;
				CLANG_WARN_SUSPICIOUS_MOVE = YES;
				CLANG_WARN_UNGUARDED_AVAILABILITY = YES_AGGRESSIVE;
				CLANG_WARN_UNREACHABLE_CODE = YES;
				CLANG_WARN__DUPLICATE_METHOD_MATCH = YES;
				CODE_SIGN_IDENTITY = "iPhone Developer";
				COPY_PHASE_STRIP = NO;
				DEBUG_INFORMATION_FORMAT = "dwarf-with-dsym";
				ENABLE_NS_ASSERTIONS = NO;
				ENABLE_STRICT_OBJC_MSGSEND = YES;
				GCC_C_LANGUAGE_STANDARD = gnu11;
				GCC_NO_COMMON_BLOCKS = YES;
				GCC_WARN_64_TO_32_BIT_CONVERSION = YES;
				GCC_WARN_ABOUT_RETURN_TYPE = YES_ERROR;
				GCC_WARN_UNDECLARED_SELECTOR = YES;
				GCC_WARN_UNINITIALIZED_AUTOS = YES_AGGRESSIVE;
				GCC_WARN_UNUSED_FUNCTION = YES;
				GCC_WARN_UNUSED_VARIABLE = YES;
				IPHONEOS_DEPLOYMENT_TARGET = 12.1;
				MTL_ENABLE_DEBUG_INFO = NO;
				MTL_FAST_MATH = YES;
				SDKROOT = iphoneos;
				SWIFT_COMPILATION_MODE = wholemodule;
				SWIFT_OPTIMIZATION_LEVEL = "-O";
				VALIDATE_PRODUCT = YES;
			};
			name = Release;
		};
		1784D5592202BAA3003E10F8 /* Debug */ = {
			isa = XCBuildConfiguration;
			baseConfigurationReference = E4201057F930D0D5EC499AC7 /* Pods-DrawRight.debug.xcconfig */;
			buildSettings = {
				ASSETCATALOG_COMPILER_APPICON_NAME = AppIcon;
				CLANG_ENABLE_MODULES = YES;
				CODE_SIGN_STYLE = Automatic;
				DEVELOPMENT_TEAM = 9X7754242C;
				INFOPLIST_FILE = DrawRight/Info.plist;
				IPHONEOS_DEPLOYMENT_TARGET = 12.1;
				LD_RUNPATH_SEARCH_PATHS = (
					"$(inherited)",
					"@executable_path/Frameworks",
				);
				PRODUCT_BUNDLE_IDENTIFIER = com.MatthewChan.DrawRight;
				PRODUCT_NAME = "$(TARGET_NAME)";
				SWIFT_OBJC_BRIDGING_HEADER = "DrawRight/DrawRight-Bridging-Header.h";
				SWIFT_OPTIMIZATION_LEVEL = "-Onone";
				SWIFT_VERSION = 4.2;
				TARGETED_DEVICE_FAMILY = "1,2";
			};
			name = Debug;
		};
		1784D55A2202BAA3003E10F8 /* Release */ = {
			isa = XCBuildConfiguration;
			baseConfigurationReference = 0FE14BF119E401B5C7E7A33D /* Pods-DrawRight.release.xcconfig */;
			buildSettings = {
				ASSETCATALOG_COMPILER_APPICON_NAME = AppIcon;
				CLANG_ENABLE_MODULES = YES;
				CODE_SIGN_STYLE = Automatic;
				DEVELOPMENT_TEAM = 9X7754242C;
				INFOPLIST_FILE = DrawRight/Info.plist;
				IPHONEOS_DEPLOYMENT_TARGET = 12.1;
				LD_RUNPATH_SEARCH_PATHS = (
					"$(inherited)",
					"@executable_path/Frameworks",
				);
				PRODUCT_BUNDLE_IDENTIFIER = com.MatthewChan.DrawRight;
				PRODUCT_NAME = "$(TARGET_NAME)";
				SWIFT_OBJC_BRIDGING_HEADER = "DrawRight/DrawRight-Bridging-Header.h";
				SWIFT_VERSION = 4.2;
				TARGETED_DEVICE_FAMILY = "1,2";
			};
			name = Release;
		};
		1784D55C2202BAA3003E10F8 /* Debug */ = {
			isa = XCBuildConfiguration;
			baseConfigurationReference = 7C9731FD83CEFE5527CA46EA /* Pods-DrawRightTests.debug.xcconfig */;
			buildSettings = {
				ALWAYS_EMBED_SWIFT_STANDARD_LIBRARIES = YES;
				BUNDLE_LOADER = "$(TEST_HOST)";
				CODE_SIGN_STYLE = Automatic;
				DEVELOPMENT_TEAM = X3GKR9NFG3;
				INFOPLIST_FILE = DrawRightTests/Info.plist;
				LD_RUNPATH_SEARCH_PATHS = (
					"$(inherited)",
					"@executable_path/Frameworks",
					"@loader_path/Frameworks",
				);
				PRODUCT_BUNDLE_IDENTIFIER = com.MatthewChan.DrawRightTests;
				PRODUCT_NAME = "$(TARGET_NAME)";
				SWIFT_VERSION = 4.2;
				TARGETED_DEVICE_FAMILY = "1,2";
				TEST_HOST = "$(BUILT_PRODUCTS_DIR)/DrawRight.app/DrawRight";
			};
			name = Debug;
		};
		1784D55D2202BAA3003E10F8 /* Release */ = {
			isa = XCBuildConfiguration;
			baseConfigurationReference = F0D0EC91E01D556E5102C664 /* Pods-DrawRightTests.release.xcconfig */;
			buildSettings = {
				ALWAYS_EMBED_SWIFT_STANDARD_LIBRARIES = YES;
				BUNDLE_LOADER = "$(TEST_HOST)";
				CODE_SIGN_STYLE = Automatic;
				DEVELOPMENT_TEAM = X3GKR9NFG3;
				INFOPLIST_FILE = DrawRightTests/Info.plist;
				LD_RUNPATH_SEARCH_PATHS = (
					"$(inherited)",
					"@executable_path/Frameworks",
					"@loader_path/Frameworks",
				);
				PRODUCT_BUNDLE_IDENTIFIER = com.MatthewChan.DrawRightTests;
				PRODUCT_NAME = "$(TARGET_NAME)";
				SWIFT_VERSION = 4.2;
				TARGETED_DEVICE_FAMILY = "1,2";
				TEST_HOST = "$(BUILT_PRODUCTS_DIR)/DrawRight.app/DrawRight";
			};
			name = Release;
		};
		1784D55F2202BAA3003E10F8 /* Debug */ = {
			isa = XCBuildConfiguration;
			baseConfigurationReference = 17AEBFFC749EA9284DFEF21B /* Pods-DrawRightUITests.debug.xcconfig */;
			buildSettings = {
				ALWAYS_EMBED_SWIFT_STANDARD_LIBRARIES = YES;
				CODE_SIGN_STYLE = Automatic;
				DEVELOPMENT_TEAM = X3GKR9NFG3;
				INFOPLIST_FILE = DrawRightUITests/Info.plist;
				LD_RUNPATH_SEARCH_PATHS = (
					"$(inherited)",
					"@executable_path/Frameworks",
					"@loader_path/Frameworks",
				);
				PRODUCT_BUNDLE_IDENTIFIER = com.MatthewChan.DrawRightUITests;
				PRODUCT_NAME = "$(TARGET_NAME)";
				SWIFT_VERSION = 4.2;
				TARGETED_DEVICE_FAMILY = "1,2";
				TEST_TARGET_NAME = DrawRight;
			};
			name = Debug;
		};
		1784D5602202BAA3003E10F8 /* Release */ = {
			isa = XCBuildConfiguration;
			baseConfigurationReference = 11D76448C1D92EE2F8E3846A /* Pods-DrawRightUITests.release.xcconfig */;
			buildSettings = {
				ALWAYS_EMBED_SWIFT_STANDARD_LIBRARIES = YES;
				CODE_SIGN_STYLE = Automatic;
				DEVELOPMENT_TEAM = X3GKR9NFG3;
				INFOPLIST_FILE = DrawRightUITests/Info.plist;
				LD_RUNPATH_SEARCH_PATHS = (
					"$(inherited)",
					"@executable_path/Frameworks",
					"@loader_path/Frameworks",
				);
				PRODUCT_BUNDLE_IDENTIFIER = com.MatthewChan.DrawRightUITests;
				PRODUCT_NAME = "$(TARGET_NAME)";
				SWIFT_VERSION = 4.2;
				TARGETED_DEVICE_FAMILY = "1,2";
				TEST_TARGET_NAME = DrawRight;
			};
			name = Release;
		};
/* End XCBuildConfiguration section */

/* Begin XCConfigurationList section */
		1784D52B2202BAA2003E10F8 /* Build configuration list for PBXProject "DrawRight" */ = {
			isa = XCConfigurationList;
			buildConfigurations = (
				1784D5562202BAA3003E10F8 /* Debug */,
				1784D5572202BAA3003E10F8 /* Release */,
			);
			defaultConfigurationIsVisible = 0;
			defaultConfigurationName = Release;
		};
		1784D5582202BAA3003E10F8 /* Build configuration list for PBXNativeTarget "DrawRight" */ = {
			isa = XCConfigurationList;
			buildConfigurations = (
				1784D5592202BAA3003E10F8 /* Debug */,
				1784D55A2202BAA3003E10F8 /* Release */,
			);
			defaultConfigurationIsVisible = 0;
			defaultConfigurationName = Release;
		};
		1784D55B2202BAA3003E10F8 /* Build configuration list for PBXNativeTarget "DrawRightTests" */ = {
			isa = XCConfigurationList;
			buildConfigurations = (
				1784D55C2202BAA3003E10F8 /* Debug */,
				1784D55D2202BAA3003E10F8 /* Release */,
			);
			defaultConfigurationIsVisible = 0;
			defaultConfigurationName = Release;
		};
		1784D55E2202BAA3003E10F8 /* Build configuration list for PBXNativeTarget "DrawRightUITests" */ = {
			isa = XCConfigurationList;
			buildConfigurations = (
				1784D55F2202BAA3003E10F8 /* Debug */,
				1784D5602202BAA3003E10F8 /* Release */,
			);
			defaultConfigurationIsVisible = 0;
			defaultConfigurationName = Release;
		};
/* End XCConfigurationList section */
	};
	rootObject = 1784D5282202BAA2003E10F8 /* Project object */;
}
